{
  "name": "deedwrit-monorepo",
  "version": "0.5.0",
  "lockfileVersion": 3,
  "requires": true,
  "packages": {
    "": {
      "name": "deedwrit-monorepo",
      "version": "0.5.0",
      "license": "Apache-2.0",
      "workspaces": [
        "packages/core",
        "packages/proxy",
        "packages/cli",
        "packages/dashboard",
        "packages/server"
      ],
      "engines": {
        "node": ">=20.11"
      }
    },
    "node_modules/@deedwrit/core": {
      "resolved": "packages/core",
      "link": true
    },
    "node_modules/@deedwrit/dashboard": {
      "resolved": "packages/dashboard",
      "link": true
    },
    "node_modules/@deedwrit/proxy": {
      "resolved": "packages/proxy",
      "link": true
    },
    "node_modules/@deedwrit/server": {
      "resolved": "packages/server",
      "link": true
    },
    "node_modules/deedwrit": {
      "resolved": "packages/cli",
      "link": true
    },
    "packages/cli": {
      "name": "deedwrit",
      "version": "0.5.0",
      "license": "Apache-2.0",
      "dependencies": {
        "@deedwrit/core": "0.5.0",
        "@deedwrit/proxy": "0.5.0"
      },
      "bin": {
        "deedwrit": "src/bin.js",
        "dw": "src/bin.js"
      },
      "engines": {
        "node": ">=20.11"
      }
    },
    "packages/core": {
      "name": "@deedwrit/core",
      "version": "0.5.0",
      "license": "Apache-2.0",
      "engines": {
        "node": ">=20.11"
      }
    },
    "packages/dashboard": {
      "name": "@deedwrit/dashboard",
      "version": "0.5.0",
      "license": "Apache-2.0",
      "dependencies": {
        "@deedwrit/core": "0.5.0"
      },
      "engines": {
        "node": ">=20.11"
      }
    },
    "packages/proxy": {
      "name": "@deedwrit/proxy",
      "version": "0.5.0",
      "license": "Apache-2.0",
      "dependencies": {
        "@deedwrit/core": "0.5.0"
      },
      "engines": {
        "node": ">=20.11"
      }
    },
    "packages/server": {
      "name": "@deedwrit/server",
      "version": "0.5.0",
      "license": "Apache-2.0",
      "dependencies": {
        "@deedwrit/core": "0.5.0"
      },
      "bin": {
        "deedwrit-hub": "src/bin.js"
      },
      "engines": {
        "node": ">=22.13"
      }
    }
  }
}
