{
  "name": "proofwire-monorepo",
  "version": "0.5.0",
  "lockfileVersion": 3,
  "requires": true,
  "packages": {
    "": {
      "name": "proofwire-monorepo",
      "version": "0.5.0",
      "license": "Apache-2.0",
      "workspaces": [
        "packages/core",
        "packages/proxy",
        "packages/cli",
        "packages/dashboard",
        "packages/server"
      ],
      "engines": {
        "node": ">=20.11"
      }
    },
    "node_modules/@proof_wire/core": {
      "resolved": "packages/core",
      "link": true
    },
    "node_modules/@proof_wire/dashboard": {
      "resolved": "packages/dashboard",
      "link": true
    },
    "node_modules/@proof_wire/proxy": {
      "resolved": "packages/proxy",
      "link": true
    },
    "node_modules/@proof_wire/server": {
      "resolved": "packages/server",
      "link": true
    },
    "node_modules/proofwire": {
      "resolved": "packages/cli",
      "link": true
    },
    "packages/cli": {
      "name": "proofwire",
      "version": "0.5.0",
      "license": "Apache-2.0",
      "dependencies": {
        "@proof_wire/core": "0.5.0",
        "@proof_wire/proxy": "0.5.0"
      },
      "bin": {
        "proofwire": "src/bin.js",
        "pw": "src/bin.js"
      },
      "engines": {
        "node": ">=20.11"
      }
    },
    "packages/core": {
      "name": "@proof_wire/core",
      "version": "0.5.0",
      "license": "Apache-2.0",
      "engines": {
        "node": ">=20.11"
      }
    },
    "packages/dashboard": {
      "name": "@proof_wire/dashboard",
      "version": "0.5.0",
      "license": "Apache-2.0",
      "dependencies": {
        "@proof_wire/core": "0.5.0"
      },
      "engines": {
        "node": ">=20.11"
      }
    },
    "packages/proxy": {
      "name": "@proof_wire/proxy",
      "version": "0.5.0",
      "license": "Apache-2.0",
      "dependencies": {
        "@proof_wire/core": "0.5.0"
      },
      "engines": {
        "node": ">=20.11"
      }
    },
    "packages/server": {
      "name": "@proof_wire/server",
      "version": "0.5.0",
      "license": "Apache-2.0",
      "dependencies": {
        "@proof_wire/core": "0.5.0"
      },
      "bin": {
        "proofwire-hub": "src/bin.js"
      },
      "engines": {
        "node": ">=22.13"
      }
    }
  }
}
